
Microsoft Visual Studio Solution File, Format Version 12.00
# Visual Studio Version 16
VisualStudioVersion = 16.0.30503.244
MinimumVisualStudioVersion = 10.0.40219.1
Project("{9A19103F-16F7-4668-BE54-9A1E7A4F7556}") = "Paint", "Paint.csproj", "{91F2CDD0-3462-4DC3-9E24-5849D0CE3FF4}"
EndProject
Project("{FAE04EC0-301F-11D3-BF4B-00C04F79EFBC}") = "PlugIn", "..\PlugIn\PlugIn.csproj", "{5F9CE3D8-D571-4522-8ADD-92C1003D7366}"
EndProject
Project("{FAE04EC0-301F-11D3-BF4B-00C04F79EFBC}") = "PluginOne", "..\PluginOne\PluginOne.csproj", "{826666C0-9D51-428B-AC80-966B43EC18CF}"
EndProject
Global
	GlobalSection(SolutionConfigurationPlatforms) = preSolution
		Debug|Any CPU = Debug|Any CPU
		Release|Any CPU = Release|Any CPU
	EndGlobalSection
	GlobalSection(ProjectConfigurationPlatforms) = postSolution
		{91F2CDD0-3462-4DC3-9E24-5849D0CE3FF4}.Debug|Any CPU.ActiveCfg = Debug|Any CPU
		{91F2CDD0-3462-4DC3-9E24-5849D0CE3FF4}.Debug|Any CPU.Build.0 = Debug|Any CPU
		{91F2CDD0-3462-4DC3-9E24-5849D0CE3FF4}.Release|Any CPU.ActiveCfg = Release|Any CPU
		{91F2CDD0-3462-4DC3-9E24-5849D0CE3FF4}.Release|Any CPU.Build.0 = Release|Any CPU
		{5F9CE3D8-D571-4522-8ADD-92C1003D7366}.Debug|Any CPU.ActiveCfg = Debug|Any CPU
		{5F9CE3D8-D571-4522-8ADD-92C1003D7366}.Debug|Any CPU.Build.0 = Debug|Any CPU
		{5F9CE3D8-D571-4522-8ADD-92C1003D7366}.Release|Any CPU.ActiveCfg = Release|Any CPU
		{5F9CE3D8-D571-4522-8ADD-92C1003D7366}.Release|Any CPU.Build.0 = Release|Any CPU
		{826666C0-9D51-428B-AC80-966B43EC18CF}.Debug|Any CPU.ActiveCfg = Debug|Any CPU
		{826666C0-9D51-428B-AC80-966B43EC18CF}.Debug|Any CPU.Build.0 = Debug|Any CPU
		{826666C0-9D51-428B-AC80-966B43EC18CF}.Release|Any CPU.ActiveCfg = Release|Any CPU
		{826666C0-9D51-428B-AC80-966B43EC18CF}.Release|Any CPU.Build.0 = Release|Any CPU
	EndGlobalSection
	GlobalSection(SolutionProperties) = preSolution
		HideSolutionNode = FALSE
	EndGlobalSection
	GlobalSection(ExtensibilityGlobals) = postSolution
		SolutionGuid = {E0410C14-255C-45D2-A0D7-C31310C6FC67}
	EndGlobalSection
EndGlobal
